{
  "nodes": {
    "caveman": {
      "flake": false,
      "locked": {
        "lastModified": 1783076931,
        "narHash": "sha256-VqRHx3/4SSCnEh3cUJ/he5saIfwNhS0hOzoH/wwtU2o=",
        "owner": "juliusbrussee",
        "repo": "caveman",
        "rev": "0d95a81d35a9f2d123a5e9430d1cfc43d55f1bb0",
        "type": "github"
      },
      "original": {
        "owner": "juliusbrussee",
        "repo": "caveman",
        "type": "github"
      }
    },
    "flake-parts": {
      "inputs": {
        "nixpkgs-lib": "nixpkgs-lib"
      },
      "locked": {
        "lastModified": 1782949081,
        "narHash": "sha256-vp6Y/Grm98ESt6ceOkWiHWyZRDV3J1RID4w+6NWK9yA=",
        "owner": "hercules-ci",
        "repo": "flake-parts",
        "rev": "17c9d6cdfc60c64f4ee8d306f9bc0b4ccb51481e",
        "type": "github"
      },
      "original": {
        "owner": "hercules-ci",
        "repo": "flake-parts",
        "type": "github"
      }
    },
    "flake-parts_2": {
      "inputs": {
        "nixpkgs-lib": "nixpkgs-lib_2"
      },
      "locked": {
        "lastModified": 1782949081,
        "narHash": "sha256-vp6Y/Grm98ESt6ceOkWiHWyZRDV3J1RID4w+6NWK9yA=",
        "owner": "hercules-ci",
        "repo": "flake-parts",
        "rev": "17c9d6cdfc60c64f4ee8d306f9bc0b4ccb51481e",
        "type": "github"
      },
      "original": {
        "owner": "hercules-ci",
        "repo": "flake-parts",
        "type": "github"
      }
    },
    "flake-utils": {
      "inputs": {
        "systems": "systems"
      },
      "locked": {
        "lastModified": 1731533236,
        "narHash": "sha256-l0KFg5HjrsfsO/JpG+r7fRrqm12kzFHyUHqHCVpMMbI=",
        "owner": "numtide",
        "repo": "flake-utils",
        "rev": "11707dc2f618dd54ca8739b309ec4fc024de578b",
        "type": "github"
      },
      "original": {
        "owner": "numtide",
        "repo": "flake-utils",
        "type": "github"
      }
    },
    "jordan-skills": {
      "flake": false,
      "locked": {
        "lastModified": 1783004250,
        "narHash": "sha256-10A2e2XtkDIih4TrXJqElhxitzpMI+q2WJ/Y30Azb2k=",
        "owner": "jordansmall",
        "repo": "skills",
        "rev": "aec9cb4e1bbec666423c5f7fd678c25514a481b7",
        "type": "github"
      },
      "original": {
        "owner": "jordansmall",
        "repo": "skills",
        "type": "github"
      }
    },
    "matt-skills": {
      "flake": false,
      "locked": {
        "lastModified": 1783516840,
        "narHash": "sha256-XqF709Y9GMKINzZITlbCTyatG9AxRZh0qn2vcv1Z8yo=",
        "owner": "mattpocock",
        "repo": "skills",
        "rev": "d574778f94cf620fcc8ce741584093bc650a61d3",
        "type": "github"
      },
      "original": {
        "owner": "mattpocock",
        "ref": "v1.1.0",
        "repo": "skills",
        "type": "github"
      }
    },
    "nixpkgs": {
      "locked": {
        "lastModified": 1784364478,
        "narHash": "sha256-CdItYNdYUlm7NxqMVyQKqT2IxTwvapiPuRLWOyHTrbY=",
        "owner": "NixOS",
        "repo": "nixpkgs",
        "rev": "20535e48e12c86043b577b8518234ff5dbb26957",
        "type": "github"
      },
      "original": {
        "owner": "NixOS",
        "ref": "nixpkgs-unstable",
        "repo": "nixpkgs",
        "type": "github"
      }
    },
    "nixpkgs-lib": {
      "locked": {
        "lastModified": 1782614948,
        "narHash": "sha256-ePjCwr1sNm9NYUqywL7QfK3JnlS015msC+eBu2zKlp8=",
        "owner": "nix-community",
        "repo": "nixpkgs.lib",
        "rev": "db3f255737b94216eb71cce308e2912cf6bc2d7c",
        "type": "github"
      },
      "original": {
        "owner": "nix-community",
        "repo": "nixpkgs.lib",
        "type": "github"
      }
    },
    "nixpkgs-lib_2": {
      "locked": {
        "lastModified": 1782614948,
        "narHash": "sha256-ePjCwr1sNm9NYUqywL7QfK3JnlS015msC+eBu2zKlp8=",
        "owner": "nix-community",
        "repo": "nixpkgs.lib",
        "rev": "db3f255737b94216eb71cce308e2912cf6bc2d7c",
        "type": "github"
      },
      "original": {
        "owner": "nix-community",
        "repo": "nixpkgs.lib",
        "type": "github"
      }
    },
    "nixpkgs_2": {
      "locked": {
        "lastModified": 1783522502,
        "narHash": "sha256-iffAls3iaNTyJC2faYcUXSI+Gp02cDjYl+MygxKl2GI=",
        "owner": "NixOS",
        "repo": "nixpkgs",
        "rev": "0bb7ec54c8483066ec9d7720e780a5caa71f8612",
        "type": "github"
      },
      "original": {
        "owner": "NixOS",
        "ref": "nixos-unstable",
        "repo": "nixpkgs",
        "type": "github"
      }
    },
    "root": {
      "inputs": {
        "flake-parts": "flake-parts",
        "flake-utils": "flake-utils",
        "nixpkgs": "nixpkgs",
        "spindrift": "spindrift"
      }
    },
    "spindrift": {
      "inputs": {
        "caveman": "caveman",
        "flake-parts": "flake-parts_2",
        "jordan-skills": "jordan-skills",
        "matt-skills": "matt-skills",
        "nixpkgs": "nixpkgs_2"
      },
      "locked": {
        "lastModified": 1784434015,
        "narHash": "sha256-itSj65M5hvFLR5z1wdH5YXmum/KgOc7mz5pU/rpQq0I=",
        "owner": "jordansmall",
        "repo": "spindrift",
        "rev": "a6783db9e68a6f046c3bb4258655878f33d35b8e",
        "type": "github"
      },
      "original": {
        "owner": "jordansmall",
        "repo": "spindrift",
        "type": "github"
      }
    },
    "systems": {
      "locked": {
        "lastModified": 1681028828,
        "narHash": "sha256-Vy1rq5AaRuLzOxct8nz4T6wlgyUR7zLU309k9mBC768=",
        "owner": "nix-systems",
        "repo": "default",
        "rev": "da67096a3b9bf56a91d16901293e51ba5b49a27e",
        "type": "github"
      },
      "original": {
        "owner": "nix-systems",
        "repo": "default",
        "type": "github"
      }
    }
  },
  "root": "root",
  "version": 7
}
